
Microsoft Visual Studio Solution File, Format Version 12.00
# Visual Studio Version 16
VisualStudioVersion = 16.0.31410.357
MinimumVisualStudioVersion = 10.0.40219.1
Project("{FAE04EC0-301F-11D3-BF4B-00C04F79EFBC}") = "PsychicTest", "PsychicTest\PsychicTest.csproj", "{9970D30D-B8DD-4D15-9CFC-6F877D8739E2}"
EndProject
Global
	GlobalSection(SolutionConfigurationPlatforms) = preSolution
		Debug|Any CPU = Debug|Any CPU
		Release|Any CPU = Release|Any CPU
	EndGlobalSection
	GlobalSection(ProjectConfigurationPlatforms) = postSolution
		{9970D30D-B8DD-4D15-9CFC-6F877D8739E2}.Debug|Any CPU.ActiveCfg = Debug|Any CPU
		{9970D30D-B8DD-4D15-9CFC-6F877D8739E2}.Debug|Any CPU.Build.0 = Debug|Any CPU
		{9970D30D-B8DD-4D15-9CFC-6F877D8739E2}.Release|Any CPU.ActiveCfg = Release|Any CPU
		{9970D30D-B8DD-4D15-9CFC-6F877D8739E2}.Release|Any CPU.Build.0 = Release|Any CPU
	EndGlobalSection
	GlobalSection(SolutionProperties) = preSolution
		HideSolutionNode = FALSE
	EndGlobalSection
	GlobalSection(ExtensibilityGlobals) = postSolution
		SolutionGuid = {E693655F-4071-47DE-81D0-5FADAAAAAEBF}
	EndGlobalSection
EndGlobal
